{
  "name": "my-app",
  "version": "1.0.0",
  "lockfileVersion": 3,
  "requires": true,
  "packages": {
    "": {
      "name": "my-app",
      "version": "1.0.0",
      "dependencies": {
        "@abp/aspnetcore.mvc.ui.theme.leptonxlite": "~3.2.2"
      }
    },
    "node_modules/@abp/aspnetcore.mvc.ui": {
      "version": "8.2.3",
      "resolved": "https://registry.npmjs.org/@abp/aspnetcore.mvc.ui/-/aspnetcore.mvc.ui-8.2.3.tgz",
      "integrity": "sha512-414cAonBhJDZmlEat4gY1Qaf1npgJjYj/re9O0Rk/FdW2vO8Qt56LozGIsbvVY4RjMsQwpwkkgH4RWlIKm3q8w==",
      "dependencies": {
        "ansi-colors": "^4.1.1"
      }
    },
    "node_modules/@abp/aspnetcore.mvc.ui.theme.leptonxlite": {
      "version": "3.2.3",
      "resolved": "https://registry.npmjs.org/@abp/aspnetcore.mvc.ui.theme.leptonxlite/-/aspnetcore.mvc.ui.theme.leptonxlite-3.2.3.tgz",
      "integrity": "sha512-2GInMeI8idAX2pLqm43Ci9UOayyNw39j4TIHCBcKLsUyNnR09ehRmfpU57+WXYFHCcLqtqxnO0jAAnEoWAaAQQ==",
      "dependencies": {
        "@abp/aspnetcore.mvc.ui.theme.shared": "~8.2.3"
      }
    },
    "node_modules/@abp/aspnetcore.mvc.ui.theme.shared": {
      "version": "8.2.3",
      "resolved": "https://registry.npmjs.org/@abp/aspnetcore.mvc.ui.theme.shared/-/aspnetcore.mvc.ui.theme.shared-8.2.3.tgz",
      "integrity": "sha512-UDRzWXFUL1kHlrhzgjXwo+UxFwkthyQj2agk889mdt4doZ4NGbHKmgdHNrtt1PIOM8VOcQNubBx5VePffuMcYA==",
      "dependencies": {
        "@abp/aspnetcore.mvc.ui": "~8.2.3",
        "@abp/bootstrap": "~8.2.3",
        "@abp/bootstrap-datepicker": "~8.2.3",
        "@abp/bootstrap-daterangepicker": "~8.2.3",
        "@abp/datatables.net-bs5": "~8.2.3",
        "@abp/font-awesome": "~8.2.3",
        "@abp/jquery-form": "~8.2.3",
        "@abp/jquery-validation-unobtrusive": "~8.2.3",
        "@abp/lodash": "~8.2.3",
        "@abp/luxon": "~8.2.3",
        "@abp/malihu-custom-scrollbar-plugin": "~8.2.3",
        "@abp/moment": "~8.2.3",
        "@abp/select2": "~8.2.3",
        "@abp/sweetalert2": "~8.2.3",
        "@abp/timeago": "~8.2.3",
        "@abp/toastr": "~8.2.3"
      }
    },
    "node_modules/@abp/bootstrap": {
      "version": "8.2.3",
      "resolved": "https://registry.npmjs.org/@abp/bootstrap/-/bootstrap-8.2.3.tgz",
      "integrity": "sha512-jThgI5nlP5A/cKLUoNgRA5ldHz5xNoGkD+V0Z/gScbeAE8Q8eu7Q5P82PLF8B8cgKjOqJXb2L5kbdNYFdqIOwg==",
      "dependencies": {
        "@abp/core": "~8.2.3",
        "bootstrap": "^5.1.3"
      }
    },
    "node_modules/@abp/bootstrap-datepicker": {
      "version": "8.2.3",
      "resolved": "https://registry.npmjs.org/@abp/bootstrap-datepicker/-/bootstrap-datepicker-8.2.3.tgz",
      "integrity": "sha512-o3uZtuw/NKJTCKf5tK5U7Qii+9PgJGWIjLkqb7mXGftIMdqOaJ+QHZe+J9XaO4of8l2HtGkXp+fuQGVJBTlFAg==",
      "dependencies": {
        "bootstrap-datepicker": "^1.9.0"
      }
    },
    "node_modules/@abp/bootstrap-daterangepicker": {
      "version": "8.2.3",
      "resolved": "https://registry.npmjs.org/@abp/bootstrap-daterangepicker/-/bootstrap-daterangepicker-8.2.3.tgz",
      "integrity": "sha512-UR1TXFStbvD54wb6vEVK3FVHYtgugLBdDg4Xyh+aNe2sUTm+kfXh4+1Xm+3R1SV3cWvRT57Sy1bc306c6CQ7Zg==",
      "dependencies": {
        "bootstrap-daterangepicker": "^3.1.0"
      }
    },
    "node_modules/@abp/core": {
      "version": "8.2.3",
      "resolved": "https://registry.npmjs.org/@abp/core/-/core-8.2.3.tgz",
      "integrity": "sha512-mluL7NHWRxvjwHHGd3kOWQg0Tnmt4o2ih/KfdDJl7z4lpy386yL+UutkE3NNhgbEGWDt1hnS5rKFZabhaahwWg==",
      "dependencies": {
        "@abp/utils": "~8.2.3"
      }
    },
    "node_modules/@abp/datatables.net": {
      "version": "8.2.3",
      "resolved": "https://registry.npmjs.org/@abp/datatables.net/-/datatables.net-8.2.3.tgz",
      "integrity": "sha512-CT18SqBuY25UmjNbiSbI9eqvbPNZZm+yYsZoasSUv3JOpO1oPfclgtZV5FKeBQQvM5Vc0BhRs7KMKF2F0pwszA==",
      "dependencies": {
        "@abp/jquery": "~8.2.3",
        "datatables.net": "^1.11.4"
      }
    },
    "node_modules/@abp/datatables.net-bs5": {
      "version": "8.2.3",
      "resolved": "https://registry.npmjs.org/@abp/datatables.net-bs5/-/datatables.net-bs5-8.2.3.tgz",
      "integrity": "sha512-XTjo15yM/nJiFfRtTMnfOJNh6FX+Vmmf5Kq5aG5XjUcp1IepEAgiNNOSmh+zRhUt4BDZ4RWcfSSGNbh0icUIOg==",
      "dependencies": {
        "@abp/datatables.net": "~8.2.3",
        "datatables.net-bs5": "^1.11.4"
      }
    },
    "node_modules/@abp/font-awesome": {
      "version": "8.2.3",
      "resolved": "https://registry.npmjs.org/@abp/font-awesome/-/font-awesome-8.2.3.tgz",
      "integrity": "sha512-OLQRBuPHtPyM5IHhIJwsbkE8idmu/DDAIm92kOa97p0r0Hx7epnKx+Yrwz23FuRH2wYlmYJqDmwj1VTK90gxYA==",
      "dependencies": {
        "@abp/core": "~8.2.3",
        "@fortawesome/fontawesome-free": "^6.5.1"
      }
    },
    "node_modules/@abp/jquery": {
      "version": "8.2.3",
      "resolved": "https://registry.npmjs.org/@abp/jquery/-/jquery-8.2.3.tgz",
      "integrity": "sha512-SDOnVUJo0g3tuA40Z2Nme8yI1nTCwp0Mh2aAf3L3W+F8lzV3OQS8mUmpektxhPsFen0DufSvilOC+aI6/Jx5lQ==",
      "dependencies": {
        "@abp/core": "~8.2.3",
        "jquery": "~3.6.0"
      }
    },
    "node_modules/@abp/jquery-form": {
      "version": "8.2.3",
      "resolved": "https://registry.npmjs.org/@abp/jquery-form/-/jquery-form-8.2.3.tgz",
      "integrity": "sha512-AhkNUdyXE/q7hsra+1xj8W/g7lkIgR9YXrr0RgddPW+dqYqVvbYdFcPliHaSsl+kzPHSRx7eez8AjQSZlReIjg==",
      "dependencies": {
        "@abp/jquery": "~8.2.3",
        "jquery-form": "^4.3.0"
      }
    },
    "node_modules/@abp/jquery-validation": {
      "version": "8.2.3",
      "resolved": "https://registry.npmjs.org/@abp/jquery-validation/-/jquery-validation-8.2.3.tgz",
      "integrity": "sha512-qbML5oyoq9ltq212qD8C7jVOqNwTdvyRzTu3SsN15AXecapZxO/BPjhCgLb99OK4zT7hZaC8R+H0CDBa3O5pvg==",
      "dependencies": {
        "@abp/jquery": "~8.2.3",
        "jquery-validation": "^1.19.3"
      }
    },
    "node_modules/@abp/jquery-validation-unobtrusive": {
      "version": "8.2.3",
      "resolved": "https://registry.npmjs.org/@abp/jquery-validation-unobtrusive/-/jquery-validation-unobtrusive-8.2.3.tgz",
      "integrity": "sha512-2Ilrveqsj5jorZ2N75zLlHO8+NGRmLecRWIDZZmuyCXVF/LyyceaNBhkdiV+Ofcts387TVkQkjkoArV10Uu+Jg==",
      "dependencies": {
        "@abp/jquery-validation": "~8.2.3",
        "jquery-validation-unobtrusive": "^3.2.12"
      }
    },
    "node_modules/@abp/lodash": {
      "version": "8.2.3",
      "resolved": "https://registry.npmjs.org/@abp/lodash/-/lodash-8.2.3.tgz",
      "integrity": "sha512-47YoHS0CrH+PiQ8eF/ASYodGH+foBRBJVkDmRgZ1vegs10CJukBYgAutPlNMC2onlEF1jLYJ40ZKsHd6TrFQkA==",
      "dependencies": {
        "@abp/core": "~8.2.3",
        "lodash": "^4.17.21"
      }
    },
    "node_modules/@abp/luxon": {
      "version": "8.2.3",
      "resolved": "https://registry.npmjs.org/@abp/luxon/-/luxon-8.2.3.tgz",
      "integrity": "sha512-pT+oO4znadhSleuH3x6n1nEgOzfVl0aHurt4F+wnJHyP7SdC2+RjZOYJUkuRIaZzflG4699Qq0UgAW6GfpuUgg==",
      "dependencies": {
        "@abp/core": "~8.2.3",
        "luxon": "^2.3.0"
      }
    },
    "node_modules/@abp/malihu-custom-scrollbar-plugin": {
      "version": "8.2.3",
      "resolved": "https://registry.npmjs.org/@abp/malihu-custom-scrollbar-plugin/-/malihu-custom-scrollbar-plugin-8.2.3.tgz",
      "integrity": "sha512-CCc0iOaulmssuUL7RsAApRzYD+SXAPbqz5iod6yuyx3Y5Vaz4ik+2/cG7XZgwcgsmctJYZl3IxZ/ijnZXLgHUw==",
      "dependencies": {
        "@abp/core": "~8.2.3",
        "malihu-custom-scrollbar-plugin": "^3.1.5"
      }
    },
    "node_modules/@abp/moment": {
      "version": "8.2.3",
      "resolved": "https://registry.npmjs.org/@abp/moment/-/moment-8.2.3.tgz",
      "integrity": "sha512-nV11P1KqX8xPmb/bs3yYbFPz7ZOXWnZPKd4Z2k0JYaFTS2C07twgS0uQQHwW6iP8DrS1QBBAyLYBuM3ctgB0dg==",
      "dependencies": {
        "moment": "^2.9.0"
      }
    },
    "node_modules/@abp/select2": {
      "version": "8.2.3",
      "resolved": "https://registry.npmjs.org/@abp/select2/-/select2-8.2.3.tgz",
      "integrity": "sha512-/MEJkSuM5+N5OIBLbrQUARUV++NpH9pVq4+btYhghDQDtHYrMHKU41QsginTFKfqBZ4f+OYV/HPnOuj7DJxOBw==",
      "dependencies": {
        "@abp/core": "~8.2.3",
        "select2": "^4.0.13"
      }
    },
    "node_modules/@abp/sweetalert2": {
      "version": "8.2.3",
      "resolved": "https://registry.npmjs.org/@abp/sweetalert2/-/sweetalert2-8.2.3.tgz",
      "integrity": "sha512-ap8vOgkKbmhAmDfVmEJPyVbIzA3V3mi9SvP/OLaNYEaMG0AppYf3iiSvC+6TA+qAFQuF5fI1oKUcsiE68uQGjw==",
      "dependencies": {
        "@abp/core": "~8.2.3",
        "sweetalert2": "^11.3.6"
      }
    },
    "node_modules/@abp/timeago": {
      "version": "8.2.3",
      "resolved": "https://registry.npmjs.org/@abp/timeago/-/timeago-8.2.3.tgz",
      "integrity": "sha512-AbYf35a5M4QMAFK3aV6JE7QHR3GzpOX1zsun39i+97ZrNZf6do/eIgDx6dolTlSb0AsHf8qCrf7T6o1kIaXQ2w==",
      "dependencies": {
        "@abp/jquery": "~8.2.3",
        "timeago": "^1.6.7"
      }
    },
    "node_modules/@abp/toastr": {
      "version": "8.2.3",
      "resolved": "https://registry.npmjs.org/@abp/toastr/-/toastr-8.2.3.tgz",
      "integrity": "sha512-V1H0Efik/kGsRuTNPl//FsoH/8VU58S1K4GQ9k2V1bi8INaC/kU//I9frwOJsXd55imvsbmzh4XzrJ574eU84w==",
      "dependencies": {
        "@abp/jquery": "~8.2.3",
        "toastr": "^2.1.4"
      }
    },
    "node_modules/@abp/utils": {
      "version": "8.2.3",
      "resolved": "https://registry.npmjs.org/@abp/utils/-/utils-8.2.3.tgz",
      "integrity": "sha512-WMs/okBxGitkGRdsikByyJLFXRSD/DPfBWZdDhU4+TvcQmnTqog9S75kZ8CUpUe/wwDHYsY51ef6N6jOfkGTFQ==",
      "dependencies": {
        "just-compare": "^2.3.0"
      }
    },
    "node_modules/@fortawesome/fontawesome-free": {
      "version": "6.6.0",
      "resolved": "https://registry.npmjs.org/@fortawesome/fontawesome-free/-/fontawesome-free-6.6.0.tgz",
      "integrity": "sha512-60G28ke/sXdtS9KZCpZSHHkCbdsOGEhIUGlwq6yhY74UpTiToIh8np7A8yphhM4BWsvNFtIvLpi4co+h9Mr9Ow==",
      "engines": {
        "node": ">=6"
      }
    },
    "node_modules/@popperjs/core": {
      "version": "2.11.8",
      "resolved": "https://registry.npmjs.org/@popperjs/core/-/core-2.11.8.tgz",
      "integrity": "sha512-P1st0aksCrn9sGZhp8GMYwBnQsbvAWsZAX44oXNNvLHGqAOcoVxmjZiohstwQ7SqKnbR47akdNi+uleWD8+g6A==",
      "peer": true,
      "funding": {
        "type": "opencollective",
        "url": "https://opencollective.com/popperjs"
      }
    },
    "node_modules/ansi-colors": {
      "version": "4.1.3",
      "resolved": "https://registry.npmjs.org/ansi-colors/-/ansi-colors-4.1.3.tgz",
      "integrity": "sha512-/6w/C21Pm1A7aZitlI5Ni/2J6FFQN8i1Cvz3kHABAAbw93v/NlvKdVOqz7CCWz/3iv/JplRSEEZ83XION15ovw==",
      "engines": {
        "node": ">=6"
      }
    },
    "node_modules/bootstrap": {
      "version": "5.3.3",
      "resolved": "https://registry.npmjs.org/bootstrap/-/bootstrap-5.3.3.tgz",
      "integrity": "sha512-8HLCdWgyoMguSO9o+aH+iuZ+aht+mzW0u3HIMzVu7Srrpv7EBBxTnrFlSCskwdY1+EOFQSm7uMJhNQHkdPcmjg==",
      "funding": [
        {
          "type": "github",
          "url": "https://github.com/sponsors/twbs"
        },
        {
          "type": "opencollective",
          "url": "https://opencollective.com/bootstrap"
        }
      ],
      "peerDependencies": {
        "@popperjs/core": "^2.11.8"
      }
    },
    "node_modules/bootstrap-datepicker": {
      "version": "1.10.0",
      "resolved": "https://registry.npmjs.org/bootstrap-datepicker/-/bootstrap-datepicker-1.10.0.tgz",
      "integrity": "sha512-lWxtSYddAQOpbAO8UhYhHLcK6425eWoSjb5JDvZU3ePHEPF6A3eUr51WKaFy4PccU19JRxUG6wEU3KdhtKfvpg==",
      "dependencies": {
        "jquery": ">=3.4.0 <4.0.0"
      }
    },
    "node_modules/bootstrap-daterangepicker": {
      "version": "3.1.0",
      "resolved": "https://registry.npmjs.org/bootstrap-daterangepicker/-/bootstrap-daterangepicker-3.1.0.tgz",
      "integrity": "sha512-oaQZx6ZBDo/dZNyXGVi2rx5GmFXThyQLAxdtIqjtLlYVaQUfQALl5JZMJJZzyDIX7blfy4ppZPAJ10g8Ma4d/g==",
      "dependencies": {
        "jquery": ">=1.10",
        "moment": "^2.9.0"
      }
    },
    "node_modules/datatables.net": {
      "version": "1.13.11",
      "resolved": "https://registry.npmjs.org/datatables.net/-/datatables.net-1.13.11.tgz",
      "integrity": "sha512-AE6RkMXziRaqzPcu/pl3SJXeRa6fmXQG/fVjuRESujvkzqDCYEeKTTpPMuVJSGYJpPi32WGSphVNNY1G4nSN/g==",
      "dependencies": {
        "jquery": "1.8 - 4"
      }
    },
    "node_modules/datatables.net-bs5": {
      "version": "1.13.11",
      "resolved": "https://registry.npmjs.org/datatables.net-bs5/-/datatables.net-bs5-1.13.11.tgz",
      "integrity": "sha512-NQO15TjXo4xvZ0jReC4Uf86ezbQzPQPdaN2YncrCPhzQ6fx+2WD7DUq4ur0HbAcYHo94/M+MtD5Ch29To7Rj3Q==",
      "dependencies": {
        "datatables.net": "1.13.11",
        "jquery": "1.8 - 4"
      }
    },
    "node_modules/jquery": {
      "version": "3.6.4",
      "resolved": "https://registry.npmjs.org/jquery/-/jquery-3.6.4.tgz",
      "integrity": "sha512-v28EW9DWDFpzcD9O5iyJXg3R3+q+mET5JhnjJzQUZMHOv67bpSIHq81GEYpPNZHG+XXHsfSme3nxp/hndKEcsQ=="
    },
    "node_modules/jquery-form": {
      "version": "4.3.0",
      "resolved": "https://registry.npmjs.org/jquery-form/-/jquery-form-4.3.0.tgz",
      "integrity": "sha512-q3uaVCEWdLOYUCI6dpNdwf/7cJFOsUgdpq6r0taxtGQ5NJSkOzofyWm4jpOuJ5YxdmL1FI5QR+q+HB63HHLGnQ==",
      "dependencies": {
        "jquery": ">=1.7.2"
      }
    },
    "node_modules/jquery-mousewheel": {
      "version": "3.1.13",
      "resolved": "https://registry.npmjs.org/jquery-mousewheel/-/jquery-mousewheel-3.1.13.tgz",
      "integrity": "sha512-GXhSjfOPyDemM005YCEHvzrEALhKDIswtxSHSR2e4K/suHVJKJxxRCGz3skPjNxjJjQa9AVSGGlYjv1M3VLIPg=="
    },
    "node_modules/jquery-validation": {
      "version": "1.21.0",
      "resolved": "https://registry.npmjs.org/jquery-validation/-/jquery-validation-1.21.0.tgz",
      "integrity": "sha512-xNot0rlUIgu7duMcQ5qb6MGkGL/Z1PQaRJQoZAURW9+a/2PGOUxY36o/WyNeP2T9R6jvWB8Z9lUVvvQWI/Zs5w==",
      "peerDependencies": {
        "jquery": "^1.7 || ^2.0 || ^3.1"
      }
    },
    "node_modules/jquery-validation-unobtrusive": {
      "version": "3.2.12",
      "resolved": "https://registry.npmjs.org/jquery-validation-unobtrusive/-/jquery-validation-unobtrusive-3.2.12.tgz",
      "integrity": "sha512-kPixGhVcuat7vZXngGFfSIksy4VlzZcHyRgnBIZdsfVneCU+D5sITC8T8dD/9c9K/Q+qkMlgp7ufJHz93nKSuQ==",
      "dependencies": {
        "jquery": "^3.5.1",
        "jquery-validation": ">=1.16"
      }
    },
    "node_modules/just-compare": {
      "version": "2.3.0",
      "resolved": "https://registry.npmjs.org/just-compare/-/just-compare-2.3.0.tgz",
      "integrity": "sha512-6shoR7HDT+fzfL3gBahx1jZG3hWLrhPAf+l7nCwahDdT9XDtosB9kIF0ZrzUp5QY8dJWfQVr5rnsPqsbvflDzg=="
    },
    "node_modules/lodash": {
      "version": "4.17.21",
      "resolved": "https://registry.npmjs.org/lodash/-/lodash-4.17.21.tgz",
      "integrity": "sha512-v2kDEe57lecTulaDIuNTPy3Ry4gLGJ6Z1O3vE1krgXZNrsQ+LFTGHVxVjcXPs17LhbZVGedAJv8XZ1tvj5FvSg=="
    },
    "node_modules/luxon": {
      "version": "2.5.2",
      "resolved": "https://registry.npmjs.org/luxon/-/luxon-2.5.2.tgz",
      "integrity": "sha512-Yg7/RDp4nedqmLgyH0LwgGRvMEKVzKbUdkBYyCosbHgJ+kaOUx0qzSiSatVc3DFygnirTPYnMM2P5dg2uH1WvA==",
      "engines": {
        "node": ">=12"
      }
    },
    "node_modules/malihu-custom-scrollbar-plugin": {
      "version": "3.1.5",
      "resolved": "https://registry.npmjs.org/malihu-custom-scrollbar-plugin/-/malihu-custom-scrollbar-plugin-3.1.5.tgz",
      "integrity": "sha512-lwW3LgI+CNDMPnP4ED2la6oYxWMkCXlnhex+s2wuOLhFDFGnGmQuTQVdRK9bvDLpxs10sGlfErVufJy9ztfgJQ==",
      "dependencies": {
        "jquery-mousewheel": ">=3.0.6"
      }
    },
    "node_modules/moment": {
      "version": "2.30.1",
      "resolved": "https://registry.npmjs.org/moment/-/moment-2.30.1.tgz",
      "integrity": "sha512-uEmtNhbDOrWPFS+hdjFCBfy9f2YoyzRpwcl+DqpC6taX21FzsTLQVbMV/W7PzNSX6x/bhC1zA3c2UQ5NzH6how==",
      "engines": {
        "node": "*"
      }
    },
    "node_modules/select2": {
      "version": "4.0.13",
      "resolved": "https://registry.npmjs.org/select2/-/select2-4.0.13.tgz",
      "integrity": "sha512-1JeB87s6oN/TDxQQYCvS5EFoQyvV6eYMZZ0AeA4tdFDYWN3BAGZ8npr17UBFddU0lgAt3H0yjX3X6/ekOj1yjw=="
    },
    "node_modules/sweetalert2": {
      "version": "11.13.2",
      "resolved": "https://registry.npmjs.org/sweetalert2/-/sweetalert2-11.13.2.tgz",
      "integrity": "sha512-Q361QVJrDce3pA+46m2JmfDQyxxlmVE6t7ScoMwubm2PQKTlUqaMpzWq/DZRSPL8Sg2hUCzUAXQ9dwMPnbsy7Q==",
      "funding": {
        "type": "individual",
        "url": "https://github.com/sponsors/limonte"
      }
    },
    "node_modules/timeago": {
      "version": "1.6.7",
      "resolved": "https://registry.npmjs.org/timeago/-/timeago-1.6.7.tgz",
      "integrity": "sha512-FikcjN98+ij0siKH4VO4dZ358PR3oDDq4Vdl1+sN9gWz1/+JXGr3uZbUShYH/hL7bMhcTpPbplJU5Tej4b4jbQ==",
      "dependencies": {
        "jquery": ">=1.5.0 <4.0"
      }
    },
    "node_modules/toastr": {
      "version": "2.1.4",
      "resolved": "https://registry.npmjs.org/toastr/-/toastr-2.1.4.tgz",
      "integrity": "sha512-LIy77F5n+sz4tefMmFOntcJ6HL0Fv3k1TDnNmFZ0bU/GcvIIfy6eG2v7zQmMiYgaalAiUv75ttFrPn5s0gyqlA==",
      "dependencies": {
        "jquery": ">=1.12.0"
      }
    }
  }
}
